
Microsoft Visual Studio Solution File, Format Version 12.00
# Visual Studio Version 17
VisualStudioVersion = 17.2.32505.173
MinimumVisualStudioVersion = 10.0.40219.1
Project("{9A19103F-16F7-4668-BE54-9A1E7A4F7556}") = "Day01", "Day01\Day01.csproj", "{475257D0-36BE-4282-967D-7D2C8F93EFF2}"
EndProject
Project("{9A19103F-16F7-4668-BE54-9A1E7A4F7556}") = "Day02", "Day02\Day02.csproj", "{EA26ACCD-4A33-48E7-831A-B005B8786572}"
EndProject
Project("{9A19103F-16F7-4668-BE54-9A1E7A4F7556}") = "Day03", "Day03\Day03.csproj", "{45B9B741-0E3C-4999-82C1-191B48C5019C}"
EndProject
Project("{9A19103F-16F7-4668-BE54-9A1E7A4F7556}") = "Day04", "Day04\Day04.csproj", "{FD3AC4F3-14E3-4992-B359-D39AC45D9FB7}"
EndProject
Project("{9A19103F-16F7-4668-BE54-9A1E7A4F7556}") = "Day06", "Day06\Day06.csproj", "{EBAF0599-8A64-48AC-AE41-DA0D0F11AD59}"
EndProject
Project("{9A19103F-16F7-4668-BE54-9A1E7A4F7556}") = "Day07", "Day07\Day07.csproj", "{1832FEBB-3BBC-452F-A308-08C88244802C}"
EndProject
Project("{9A19103F-16F7-4668-BE54-9A1E7A4F7556}") = "Day08", "Day08\Day08.csproj", "{FAF0B589-14AD-47AE-B796-C36296C31F25}"
EndProject
Project("{9A19103F-16F7-4668-BE54-9A1E7A4F7556}") = "Day09", "Day09\Day09.csproj", "{09B89892-01C0-41C0-B6A8-67076B6EF513}"
EndProject
Project("{9A19103F-16F7-4668-BE54-9A1E7A4F7556}") = "Day10", "Day10\Day10.csproj", "{BB106A8A-B2EC-40E9-95B2-7CC4CC6D1DEC}"
EndProject
Project("{9A19103F-16F7-4668-BE54-9A1E7A4F7556}") = "Day11", "Day11\Day11.csproj", "{D1942CCE-5CC5-45FB-8753-8F0FCE6843E2}"
EndProject
Project("{FAE04EC0-301F-11D3-BF4B-00C04F79EFBC}") = "Day05", "Day05\Day05.csproj", "{B6DD64BD-AB50-43A1-84CE-EE420FE411A5}"
EndProject
Global
	GlobalSection(SolutionConfigurationPlatforms) = preSolution
		Debug|Any CPU = Debug|Any CPU
		Release|Any CPU = Release|Any CPU
	EndGlobalSection
	GlobalSection(ProjectConfigurationPlatforms) = postSolution
		{475257D0-36BE-4282-967D-7D2C8F93EFF2}.Debug|Any CPU.ActiveCfg = Debug|Any CPU
		{475257D0-36BE-4282-967D-7D2C8F93EFF2}.Debug|Any CPU.Build.0 = Debug|Any CPU
		{475257D0-36BE-4282-967D-7D2C8F93EFF2}.Release|Any CPU.ActiveCfg = Release|Any CPU
		{475257D0-36BE-4282-967D-7D2C8F93EFF2}.Release|Any CPU.Build.0 = Release|Any CPU
		{EA26ACCD-4A33-48E7-831A-B005B8786572}.Debug|Any CPU.ActiveCfg = Debug|Any CPU
		{EA26ACCD-4A33-48E7-831A-B005B8786572}.Debug|Any CPU.Build.0 = Debug|Any CPU
		{EA26ACCD-4A33-48E7-831A-B005B8786572}.Release|Any CPU.ActiveCfg = Release|Any CPU
		{EA26ACCD-4A33-48E7-831A-B005B8786572}.Release|Any CPU.Build.0 = Release|Any CPU
		{45B9B741-0E3C-4999-82C1-191B48C5019C}.Debug|Any CPU.ActiveCfg = Debug|Any CPU
		{45B9B741-0E3C-4999-82C1-191B48C5019C}.Debug|Any CPU.Build.0 = Debug|Any CPU
		{45B9B741-0E3C-4999-82C1-191B48C5019C}.Release|Any CPU.ActiveCfg = Release|Any CPU
		{45B9B741-0E3C-4999-82C1-191B48C5019C}.Release|Any CPU.Build.0 = Release|Any CPU
		{FD3AC4F3-14E3-4992-B359-D39AC45D9FB7}.Debug|Any CPU.ActiveCfg = Debug|Any CPU
		{FD3AC4F3-14E3-4992-B359-D39AC45D9FB7}.Debug|Any CPU.Build.0 = Debug|Any CPU
		{FD3AC4F3-14E3-4992-B359-D39AC45D9FB7}.Release|Any CPU.ActiveCfg = Release|Any CPU
		{FD3AC4F3-14E3-4992-B359-D39AC45D9FB7}.Release|Any CPU.Build.0 = Release|Any CPU
		{EBAF0599-8A64-48AC-AE41-DA0D0F11AD59}.Debug|Any CPU.ActiveCfg = Debug|Any CPU
		{EBAF0599-8A64-48AC-AE41-DA0D0F11AD59}.Debug|Any CPU.Build.0 = Debug|Any CPU
		{EBAF0599-8A64-48AC-AE41-DA0D0F11AD59}.Release|Any CPU.ActiveCfg = Release|Any CPU
		{EBAF0599-8A64-48AC-AE41-DA0D0F11AD59}.Release|Any CPU.Build.0 = Release|Any CPU
		{1832FEBB-3BBC-452F-A308-08C88244802C}.Debug|Any CPU.ActiveCfg = Debug|Any CPU
		{1832FEBB-3BBC-452F-A308-08C88244802C}.Debug|Any CPU.Build.0 = Debug|Any CPU
		{1832FEBB-3BBC-452F-A308-08C88244802C}.Release|Any CPU.ActiveCfg = Release|Any CPU
		{1832FEBB-3BBC-452F-A308-08C88244802C}.Release|Any CPU.Build.0 = Release|Any CPU
		{FAF0B589-14AD-47AE-B796-C36296C31F25}.Debug|Any CPU.ActiveCfg = Debug|Any CPU
		{FAF0B589-14AD-47AE-B796-C36296C31F25}.Debug|Any CPU.Build.0 = Debug|Any CPU
		{FAF0B589-14AD-47AE-B796-C36296C31F25}.Release|Any CPU.ActiveCfg = Release|Any CPU
		{FAF0B589-14AD-47AE-B796-C36296C31F25}.Release|Any CPU.Build.0 = Release|Any CPU
		{09B89892-01C0-41C0-B6A8-67076B6EF513}.Debug|Any CPU.ActiveCfg = Debug|Any CPU
		{09B89892-01C0-41C0-B6A8-67076B6EF513}.Debug|Any CPU.Build.0 = Debug|Any CPU
		{09B89892-01C0-41C0-B6A8-67076B6EF513}.Release|Any CPU.ActiveCfg = Release|Any CPU
		{09B89892-01C0-41C0-B6A8-67076B6EF513}.Release|Any CPU.Build.0 = Release|Any CPU
		{BB106A8A-B2EC-40E9-95B2-7CC4CC6D1DEC}.Debug|Any CPU.ActiveCfg = Debug|Any CPU
		{BB106A8A-B2EC-40E9-95B2-7CC4CC6D1DEC}.Debug|Any CPU.Build.0 = Debug|Any CPU
		{BB106A8A-B2EC-40E9-95B2-7CC4CC6D1DEC}.Release|Any CPU.ActiveCfg = Release|Any CPU
		{BB106A8A-B2EC-40E9-95B2-7CC4CC6D1DEC}.Release|Any CPU.Build.0 = Release|Any CPU
		{D1942CCE-5CC5-45FB-8753-8F0FCE6843E2}.Debug|Any CPU.ActiveCfg = Debug|Any CPU
		{D1942CCE-5CC5-45FB-8753-8F0FCE6843E2}.Debug|Any CPU.Build.0 = Debug|Any CPU
		{D1942CCE-5CC5-45FB-8753-8F0FCE6843E2}.Release|Any CPU.ActiveCfg = Release|Any CPU
		{D1942CCE-5CC5-45FB-8753-8F0FCE6843E2}.Release|Any CPU.Build.0 = Release|Any CPU
		{B6DD64BD-AB50-43A1-84CE-EE420FE411A5}.Debug|Any CPU.ActiveCfg = Debug|Any CPU
		{B6DD64BD-AB50-43A1-84CE-EE420FE411A5}.Debug|Any CPU.Build.0 = Debug|Any CPU
		{B6DD64BD-AB50-43A1-84CE-EE420FE411A5}.Release|Any CPU.ActiveCfg = Release|Any CPU
		{B6DD64BD-AB50-43A1-84CE-EE420FE411A5}.Release|Any CPU.Build.0 = Release|Any CPU
	EndGlobalSection
	GlobalSection(SolutionProperties) = preSolution
		HideSolutionNode = FALSE
	EndGlobalSection
	GlobalSection(ExtensibilityGlobals) = postSolution
		SolutionGuid = {5F08E106-5363-424E-BB1F-55DF023FFF68}
	EndGlobalSection
EndGlobal
